
Microsoft Visual Studio Solution File, Format Version 12.00
# Visual Studio 2012
Project("{FAE04EC0-301F-11D3-BF4B-00C04F79EFBC}") = "CrossBase.Portable", "CrossBase\CrossBase.Portable.csproj", "{5654EFF7-4DC2-456A-AA67-132E18F93A35}"
EndProject
Project("{FAE04EC0-301F-11D3-BF4B-00C04F79EFBC}") = "CrossBase.Windows.WPF", "CrossBase\CrossBase.Windows.WPF.csproj", "{F42C2C72-B850-4536-9B67-7BCACF310555}"
EndProject
Project("{FAE04EC0-301F-11D3-BF4B-00C04F79EFBC}") = "CrossBase.IOS", "CrossBase\CrossBase.IOS.csproj", "{17B4D28A-A077-4905-8E19-B6BF5D0F7D6B}"
EndProject
Project("{FAE04EC0-301F-11D3-BF4B-00C04F79EFBC}") = "CrossBase.Windows", "CrossBase\CrossBase.Windows.csproj", "{14FEDC1B-EB44-40A1-BB92-48D924BD97D7}"
EndProject
Project("{FAE04EC0-301F-11D3-BF4B-00C04F79EFBC}") = "Test.CrossBase.Windows", "Test.CrossBase\Test.CrossBase.Windows.csproj", "{6D79AD3C-E611-4635-BF65-E77E362673C1}"
EndProject
Project("{FAE04EC0-301F-11D3-BF4B-00C04F79EFBC}") = "Test.CrossBase.IOS", "Test.CrossBase\Test.CrossBase.IOS.csproj", "{1F37917E-BD6A-430C-A9CC-9F49CC0F581A}"
EndProject
Project("{FAE04EC0-301F-11D3-BF4B-00C04F79EFBC}") = "CrossBase.CodeGeneration", "CrossBase.CodeGeneration\CrossBase.CodeGeneration.csproj", "{2F246FE3-E3F0-4977-9431-A2250E9F227E}"
EndProject
Project("{2150E333-8FDC-42A3-9474-1A3956D46DE8}") = "Solution Items", "Solution Items", "{5651ABA2-16D9-4588-8039-D41D28278F37}"
	ProjectSection(SolutionItems) = preProject
		icon.jpg = icon.jpg
		install.ps1 = install.ps1
		CrossBase\package.nuspec = CrossBase\package.nuspec
		README.md = README.md
	EndProjectSection
EndProject
Project("{FAE04EC0-301F-11D3-BF4B-00C04F79EFBC}") = "Test.CrossBase.CodeGeneration", "Test.CrossBase.CodeGeneration\Test.CrossBase.CodeGeneration.csproj", "{DB323046-1910-4800-877C-2992BDFCF8E8}"
EndProject
Global
	GlobalSection(SolutionConfigurationPlatforms) = preSolution
		Ad-Hoc|Any CPU = Ad-Hoc|Any CPU
		Ad-Hoc|iPhone = Ad-Hoc|iPhone
		Ad-Hoc|iPhoneSimulator = Ad-Hoc|iPhoneSimulator
		Ad-Hoc|Mixed Platforms = Ad-Hoc|Mixed Platforms
		AppStore|Any CPU = AppStore|Any CPU
		AppStore|iPhone = AppStore|iPhone
		AppStore|iPhoneSimulator = AppStore|iPhoneSimulator
		AppStore|Mixed Platforms = AppStore|Mixed Platforms
		Debug|Any CPU = Debug|Any CPU
		Debug|iPhone = Debug|iPhone
		Debug|iPhoneSimulator = Debug|iPhoneSimulator
		Debug|Mixed Platforms = Debug|Mixed Platforms
		Release|Any CPU = Release|Any CPU
		Release|iPhone = Release|iPhone
		Release|iPhoneSimulator = Release|iPhoneSimulator
		Release|Mixed Platforms = Release|Mixed Platforms
	EndGlobalSection
	GlobalSection(ProjectConfigurationPlatforms) = postSolution
		{5654EFF7-4DC2-456A-AA67-132E18F93A35}.Ad-Hoc|Any CPU.ActiveCfg = Release|Any CPU
		{5654EFF7-4DC2-456A-AA67-132E18F93A35}.Ad-Hoc|Any CPU.Build.0 = Release|Any CPU
		{5654EFF7-4DC2-456A-AA67-132E18F93A35}.Ad-Hoc|iPhone.ActiveCfg = Release|Any CPU
		{5654EFF7-4DC2-456A-AA67-132E18F93A35}.Ad-Hoc|iPhoneSimulator.ActiveCfg = Release|Any CPU
		{5654EFF7-4DC2-456A-AA67-132E18F93A35}.Ad-Hoc|Mixed Platforms.ActiveCfg = Release|Any CPU
		{5654EFF7-4DC2-456A-AA67-132E18F93A35}.Ad-Hoc|Mixed Platforms.Build.0 = Release|Any CPU
		{5654EFF7-4DC2-456A-AA67-132E18F93A35}.AppStore|Any CPU.ActiveCfg = Release|Any CPU
		{5654EFF7-4DC2-456A-AA67-132E18F93A35}.AppStore|Any CPU.Build.0 = Release|Any CPU
		{5654EFF7-4DC2-456A-AA67-132E18F93A35}.AppStore|iPhone.ActiveCfg = Release|Any CPU
		{5654EFF7-4DC2-456A-AA67-132E18F93A35}.AppStore|iPhoneSimulator.ActiveCfg = Release|Any CPU
		{5654EFF7-4DC2-456A-AA67-132E18F93A35}.AppStore|Mixed Platforms.ActiveCfg = Release|Any CPU
		{5654EFF7-4DC2-456A-AA67-132E18F93A35}.AppStore|Mixed Platforms.Build.0 = Release|Any CPU
		{5654EFF7-4DC2-456A-AA67-132E18F93A35}.Debug|Any CPU.ActiveCfg = Debug|Any CPU
		{5654EFF7-4DC2-456A-AA67-132E18F93A35}.Debug|Any CPU.Build.0 = Debug|Any CPU
		{5654EFF7-4DC2-456A-AA67-132E18F93A35}.Debug|iPhone.ActiveCfg = Debug|Any CPU
		{5654EFF7-4DC2-456A-AA67-132E18F93A35}.Debug|iPhoneSimulator.ActiveCfg = Debug|Any CPU
		{5654EFF7-4DC2-456A-AA67-132E18F93A35}.Debug|Mixed Platforms.ActiveCfg = Debug|Any CPU
		{5654EFF7-4DC2-456A-AA67-132E18F93A35}.Debug|Mixed Platforms.Build.0 = Debug|Any CPU
		{5654EFF7-4DC2-456A-AA67-132E18F93A35}.Release|Any CPU.ActiveCfg = Release|Any CPU
		{5654EFF7-4DC2-456A-AA67-132E18F93A35}.Release|Any CPU.Build.0 = Release|Any CPU
		{5654EFF7-4DC2-456A-AA67-132E18F93A35}.Release|iPhone.ActiveCfg = Release|Any CPU
		{5654EFF7-4DC2-456A-AA67-132E18F93A35}.Release|iPhoneSimulator.ActiveCfg = Release|Any CPU
		{5654EFF7-4DC2-456A-AA67-132E18F93A35}.Release|Mixed Platforms.ActiveCfg = Release|Any CPU
		{5654EFF7-4DC2-456A-AA67-132E18F93A35}.Release|Mixed Platforms.Build.0 = Release|Any CPU
		{F42C2C72-B850-4536-9B67-7BCACF310555}.Ad-Hoc|Any CPU.ActiveCfg = Release|Any CPU
		{F42C2C72-B850-4536-9B67-7BCACF310555}.Ad-Hoc|Any CPU.Build.0 = Release|Any CPU
		{F42C2C72-B850-4536-9B67-7BCACF310555}.Ad-Hoc|iPhone.ActiveCfg = Release|Any CPU
		{F42C2C72-B850-4536-9B67-7BCACF310555}.Ad-Hoc|iPhoneSimulator.ActiveCfg = Release|Any CPU
		{F42C2C72-B850-4536-9B67-7BCACF310555}.Ad-Hoc|Mixed Platforms.ActiveCfg = Release|Any CPU
		{F42C2C72-B850-4536-9B67-7BCACF310555}.Ad-Hoc|Mixed Platforms.Build.0 = Release|Any CPU
		{F42C2C72-B850-4536-9B67-7BCACF310555}.AppStore|Any CPU.ActiveCfg = Release|Any CPU
		{F42C2C72-B850-4536-9B67-7BCACF310555}.AppStore|Any CPU.Build.0 = Release|Any CPU
		{F42C2C72-B850-4536-9B67-7BCACF310555}.AppStore|iPhone.ActiveCfg = Release|Any CPU
		{F42C2C72-B850-4536-9B67-7BCACF310555}.AppStore|iPhoneSimulator.ActiveCfg = Release|Any CPU
		{F42C2C72-B850-4536-9B67-7BCACF310555}.AppStore|Mixed Platforms.ActiveCfg = Release|Any CPU
		{F42C2C72-B850-4536-9B67-7BCACF310555}.AppStore|Mixed Platforms.Build.0 = Release|Any CPU
		{F42C2C72-B850-4536-9B67-7BCACF310555}.Debug|Any CPU.ActiveCfg = Debug|Any CPU
		{F42C2C72-B850-4536-9B67-7BCACF310555}.Debug|Any CPU.Build.0 = Debug|Any CPU
		{F42C2C72-B850-4536-9B67-7BCACF310555}.Debug|iPhone.ActiveCfg = Debug|Any CPU
		{F42C2C72-B850-4536-9B67-7BCACF310555}.Debug|iPhoneSimulator.ActiveCfg = Debug|Any CPU
		{F42C2C72-B850-4536-9B67-7BCACF310555}.Debug|Mixed Platforms.ActiveCfg = Debug|Any CPU
		{F42C2C72-B850-4536-9B67-7BCACF310555}.Debug|Mixed Platforms.Build.0 = Debug|Any CPU
		{F42C2C72-B850-4536-9B67-7BCACF310555}.Release|Any CPU.ActiveCfg = Release|Any CPU
		{F42C2C72-B850-4536-9B67-7BCACF310555}.Release|Any CPU.Build.0 = Release|Any CPU
		{F42C2C72-B850-4536-9B67-7BCACF310555}.Release|iPhone.ActiveCfg = Release|Any CPU
		{F42C2C72-B850-4536-9B67-7BCACF310555}.Release|iPhoneSimulator.ActiveCfg = Release|Any CPU
		{F42C2C72-B850-4536-9B67-7BCACF310555}.Release|Mixed Platforms.ActiveCfg = Release|Any CPU
		{F42C2C72-B850-4536-9B67-7BCACF310555}.Release|Mixed Platforms.Build.0 = Release|Any CPU
		{17B4D28A-A077-4905-8E19-B6BF5D0F7D6B}.Ad-Hoc|Any CPU.ActiveCfg = Ad-Hoc|iPhone
		{17B4D28A-A077-4905-8E19-B6BF5D0F7D6B}.Ad-Hoc|iPhone.ActiveCfg = Ad-Hoc|iPhone
		{17B4D28A-A077-4905-8E19-B6BF5D0F7D6B}.Ad-Hoc|iPhone.Build.0 = Ad-Hoc|iPhone
		{17B4D28A-A077-4905-8E19-B6BF5D0F7D6B}.Ad-Hoc|iPhoneSimulator.ActiveCfg = Ad-Hoc|iPhoneSimulator
		{17B4D28A-A077-4905-8E19-B6BF5D0F7D6B}.Ad-Hoc|iPhoneSimulator.Build.0 = Ad-Hoc|iPhoneSimulator
		{17B4D28A-A077-4905-8E19-B6BF5D0F7D6B}.Ad-Hoc|Mixed Platforms.ActiveCfg = Ad-Hoc|iPhone
		{17B4D28A-A077-4905-8E19-B6BF5D0F7D6B}.Ad-Hoc|Mixed Platforms.Build.0 = Ad-Hoc|iPhone
		{17B4D28A-A077-4905-8E19-B6BF5D0F7D6B}.AppStore|Any CPU.ActiveCfg = AppStore|iPhone
		{17B4D28A-A077-4905-8E19-B6BF5D0F7D6B}.AppStore|iPhone.ActiveCfg = AppStore|iPhone
		{17B4D28A-A077-4905-8E19-B6BF5D0F7D6B}.AppStore|iPhone.Build.0 = AppStore|iPhone
		{17B4D28A-A077-4905-8E19-B6BF5D0F7D6B}.AppStore|iPhoneSimulator.ActiveCfg = AppStore|iPhoneSimulator
		{17B4D28A-A077-4905-8E19-B6BF5D0F7D6B}.AppStore|iPhoneSimulator.Build.0 = AppStore|iPhoneSimulator
		{17B4D28A-A077-4905-8E19-B6BF5D0F7D6B}.AppStore|Mixed Platforms.ActiveCfg = AppStore|iPhone
		{17B4D28A-A077-4905-8E19-B6BF5D0F7D6B}.AppStore|Mixed Platforms.Build.0 = AppStore|iPhone
		{17B4D28A-A077-4905-8E19-B6BF5D0F7D6B}.Debug|Any CPU.ActiveCfg = Debug|iPhone
		{17B4D28A-A077-4905-8E19-B6BF5D0F7D6B}.Debug|iPhone.ActiveCfg = Debug|iPhone
		{17B4D28A-A077-4905-8E19-B6BF5D0F7D6B}.Debug|iPhone.Build.0 = Debug|iPhone
		{17B4D28A-A077-4905-8E19-B6BF5D0F7D6B}.Debug|iPhoneSimulator.ActiveCfg = Debug|iPhoneSimulator
		{17B4D28A-A077-4905-8E19-B6BF5D0F7D6B}.Debug|iPhoneSimulator.Build.0 = Debug|iPhoneSimulator
		{17B4D28A-A077-4905-8E19-B6BF5D0F7D6B}.Debug|Mixed Platforms.ActiveCfg = Debug|iPhone
		{17B4D28A-A077-4905-8E19-B6BF5D0F7D6B}.Debug|Mixed Platforms.Build.0 = Debug|iPhone
		{17B4D28A-A077-4905-8E19-B6BF5D0F7D6B}.Release|Any CPU.ActiveCfg = Release|iPhone
		{17B4D28A-A077-4905-8E19-B6BF5D0F7D6B}.Release|iPhone.ActiveCfg = Release|iPhone
		{17B4D28A-A077-4905-8E19-B6BF5D0F7D6B}.Release|iPhone.Build.0 = Release|iPhone
		{17B4D28A-A077-4905-8E19-B6BF5D0F7D6B}.Release|iPhoneSimulator.ActiveCfg = Release|iPhoneSimulator
		{17B4D28A-A077-4905-8E19-B6BF5D0F7D6B}.Release|iPhoneSimulator.Build.0 = Release|iPhoneSimulator
		{17B4D28A-A077-4905-8E19-B6BF5D0F7D6B}.Release|Mixed Platforms.ActiveCfg = Release|iPhone
		{17B4D28A-A077-4905-8E19-B6BF5D0F7D6B}.Release|Mixed Platforms.Build.0 = Release|iPhone
		{14FEDC1B-EB44-40A1-BB92-48D924BD97D7}.Ad-Hoc|Any CPU.ActiveCfg = Release|Any CPU
		{14FEDC1B-EB44-40A1-BB92-48D924BD97D7}.Ad-Hoc|Any CPU.Build.0 = Release|Any CPU
		{14FEDC1B-EB44-40A1-BB92-48D924BD97D7}.Ad-Hoc|iPhone.ActiveCfg = Release|Any CPU
		{14FEDC1B-EB44-40A1-BB92-48D924BD97D7}.Ad-Hoc|iPhoneSimulator.ActiveCfg = Release|Any CPU
		{14FEDC1B-EB44-40A1-BB92-48D924BD97D7}.Ad-Hoc|Mixed Platforms.ActiveCfg = Release|Any CPU
		{14FEDC1B-EB44-40A1-BB92-48D924BD97D7}.Ad-Hoc|Mixed Platforms.Build.0 = Release|Any CPU
		{14FEDC1B-EB44-40A1-BB92-48D924BD97D7}.AppStore|Any CPU.ActiveCfg = Release|Any CPU
		{14FEDC1B-EB44-40A1-BB92-48D924BD97D7}.AppStore|Any CPU.Build.0 = Release|Any CPU
		{14FEDC1B-EB44-40A1-BB92-48D924BD97D7}.AppStore|iPhone.ActiveCfg = Release|Any CPU
		{14FEDC1B-EB44-40A1-BB92-48D924BD97D7}.AppStore|iPhoneSimulator.ActiveCfg = Release|Any CPU
		{14FEDC1B-EB44-40A1-BB92-48D924BD97D7}.AppStore|Mixed Platforms.ActiveCfg = Release|Any CPU
		{14FEDC1B-EB44-40A1-BB92-48D924BD97D7}.AppStore|Mixed Platforms.Build.0 = Release|Any CPU
		{14FEDC1B-EB44-40A1-BB92-48D924BD97D7}.Debug|Any CPU.ActiveCfg = Debug|Any CPU
		{14FEDC1B-EB44-40A1-BB92-48D924BD97D7}.Debug|Any CPU.Build.0 = Debug|Any CPU
		{14FEDC1B-EB44-40A1-BB92-48D924BD97D7}.Debug|iPhone.ActiveCfg = Debug|Any CPU
		{14FEDC1B-EB44-40A1-BB92-48D924BD97D7}.Debug|iPhoneSimulator.ActiveCfg = Debug|Any CPU
		{14FEDC1B-EB44-40A1-BB92-48D924BD97D7}.Debug|Mixed Platforms.ActiveCfg = Debug|Any CPU
		{14FEDC1B-EB44-40A1-BB92-48D924BD97D7}.Debug|Mixed Platforms.Build.0 = Debug|Any CPU
		{14FEDC1B-EB44-40A1-BB92-48D924BD97D7}.Release|Any CPU.ActiveCfg = Release|Any CPU
		{14FEDC1B-EB44-40A1-BB92-48D924BD97D7}.Release|Any CPU.Build.0 = Release|Any CPU
		{14FEDC1B-EB44-40A1-BB92-48D924BD97D7}.Release|iPhone.ActiveCfg = Release|Any CPU
		{14FEDC1B-EB44-40A1-BB92-48D924BD97D7}.Release|iPhoneSimulator.ActiveCfg = Release|Any CPU
		{14FEDC1B-EB44-40A1-BB92-48D924BD97D7}.Release|Mixed Platforms.ActiveCfg = Release|Any CPU
		{14FEDC1B-EB44-40A1-BB92-48D924BD97D7}.Release|Mixed Platforms.Build.0 = Release|Any CPU
		{6D79AD3C-E611-4635-BF65-E77E362673C1}.Ad-Hoc|Any CPU.ActiveCfg = Release|Any CPU
		{6D79AD3C-E611-4635-BF65-E77E362673C1}.Ad-Hoc|Any CPU.Build.0 = Release|Any CPU
		{6D79AD3C-E611-4635-BF65-E77E362673C1}.Ad-Hoc|iPhone.ActiveCfg = Release|Any CPU
		{6D79AD3C-E611-4635-BF65-E77E362673C1}.Ad-Hoc|iPhoneSimulator.ActiveCfg = Release|Any CPU
		{6D79AD3C-E611-4635-BF65-E77E362673C1}.Ad-Hoc|Mixed Platforms.ActiveCfg = Release|Any CPU
		{6D79AD3C-E611-4635-BF65-E77E362673C1}.Ad-Hoc|Mixed Platforms.Build.0 = Release|Any CPU
		{6D79AD3C-E611-4635-BF65-E77E362673C1}.AppStore|Any CPU.ActiveCfg = Release|Any CPU
		{6D79AD3C-E611-4635-BF65-E77E362673C1}.AppStore|Any CPU.Build.0 = Release|Any CPU
		{6D79AD3C-E611-4635-BF65-E77E362673C1}.AppStore|iPhone.ActiveCfg = Release|Any CPU
		{6D79AD3C-E611-4635-BF65-E77E362673C1}.AppStore|iPhoneSimulator.ActiveCfg = Release|Any CPU
		{6D79AD3C-E611-4635-BF65-E77E362673C1}.AppStore|Mixed Platforms.ActiveCfg = Release|Any CPU
		{6D79AD3C-E611-4635-BF65-E77E362673C1}.AppStore|Mixed Platforms.Build.0 = Release|Any CPU
		{6D79AD3C-E611-4635-BF65-E77E362673C1}.Debug|Any CPU.ActiveCfg = Debug|Any CPU
		{6D79AD3C-E611-4635-BF65-E77E362673C1}.Debug|Any CPU.Build.0 = Debug|Any CPU
		{6D79AD3C-E611-4635-BF65-E77E362673C1}.Debug|iPhone.ActiveCfg = Debug|Any CPU
		{6D79AD3C-E611-4635-BF65-E77E362673C1}.Debug|iPhoneSimulator.ActiveCfg = Debug|Any CPU
		{6D79AD3C-E611-4635-BF65-E77E362673C1}.Debug|Mixed Platforms.ActiveCfg = Debug|Any CPU
		{6D79AD3C-E611-4635-BF65-E77E362673C1}.Debug|Mixed Platforms.Build.0 = Debug|Any CPU
		{6D79AD3C-E611-4635-BF65-E77E362673C1}.Release|Any CPU.ActiveCfg = Release|Any CPU
		{6D79AD3C-E611-4635-BF65-E77E362673C1}.Release|Any CPU.Build.0 = Release|Any CPU
		{6D79AD3C-E611-4635-BF65-E77E362673C1}.Release|iPhone.ActiveCfg = Release|Any CPU
		{6D79AD3C-E611-4635-BF65-E77E362673C1}.Release|iPhoneSimulator.ActiveCfg = Release|Any CPU
		{6D79AD3C-E611-4635-BF65-E77E362673C1}.Release|Mixed Platforms.ActiveCfg = Release|Any CPU
		{6D79AD3C-E611-4635-BF65-E77E362673C1}.Release|Mixed Platforms.Build.0 = Release|Any CPU
		{1F37917E-BD6A-430C-A9CC-9F49CC0F581A}.Ad-Hoc|Any CPU.ActiveCfg = Ad-Hoc|iPhone
		{1F37917E-BD6A-430C-A9CC-9F49CC0F581A}.Ad-Hoc|iPhone.ActiveCfg = Ad-Hoc|iPhone
		{1F37917E-BD6A-430C-A9CC-9F49CC0F581A}.Ad-Hoc|iPhone.Build.0 = Ad-Hoc|iPhone
		{1F37917E-BD6A-430C-A9CC-9F49CC0F581A}.Ad-Hoc|iPhoneSimulator.ActiveCfg = Ad-Hoc|iPhoneSimulator
		{1F37917E-BD6A-430C-A9CC-9F49CC0F581A}.Ad-Hoc|iPhoneSimulator.Build.0 = Ad-Hoc|iPhoneSimulator
		{1F37917E-BD6A-430C-A9CC-9F49CC0F581A}.Ad-Hoc|Mixed Platforms.ActiveCfg = Ad-Hoc|iPhone
		{1F37917E-BD6A-430C-A9CC-9F49CC0F581A}.Ad-Hoc|Mixed Platforms.Build.0 = Ad-Hoc|iPhone
		{1F37917E-BD6A-430C-A9CC-9F49CC0F581A}.AppStore|Any CPU.ActiveCfg = AppStore|iPhone
		{1F37917E-BD6A-430C-A9CC-9F49CC0F581A}.AppStore|iPhone.ActiveCfg = AppStore|iPhone
		{1F37917E-BD6A-430C-A9CC-9F49CC0F581A}.AppStore|iPhone.Build.0 = AppStore|iPhone
		{1F37917E-BD6A-430C-A9CC-9F49CC0F581A}.AppStore|iPhoneSimulator.ActiveCfg = AppStore|iPhoneSimulator
		{1F37917E-BD6A-430C-A9CC-9F49CC0F581A}.AppStore|iPhoneSimulator.Build.0 = AppStore|iPhoneSimulator
		{1F37917E-BD6A-430C-A9CC-9F49CC0F581A}.AppStore|Mixed Platforms.ActiveCfg = AppStore|iPhone
		{1F37917E-BD6A-430C-A9CC-9F49CC0F581A}.AppStore|Mixed Platforms.Build.0 = AppStore|iPhone
		{1F37917E-BD6A-430C-A9CC-9F49CC0F581A}.Debug|Any CPU.ActiveCfg = Debug|iPhone
		{1F37917E-BD6A-430C-A9CC-9F49CC0F581A}.Debug|iPhone.ActiveCfg = Debug|iPhone
		{1F37917E-BD6A-430C-A9CC-9F49CC0F581A}.Debug|iPhone.Build.0 = Debug|iPhone
		{1F37917E-BD6A-430C-A9CC-9F49CC0F581A}.Debug|iPhoneSimulator.ActiveCfg = Debug|iPhoneSimulator
		{1F37917E-BD6A-430C-A9CC-9F49CC0F581A}.Debug|iPhoneSimulator.Build.0 = Debug|iPhoneSimulator
		{1F37917E-BD6A-430C-A9CC-9F49CC0F581A}.Debug|Mixed Platforms.ActiveCfg = Debug|iPhone
		{1F37917E-BD6A-430C-A9CC-9F49CC0F581A}.Debug|Mixed Platforms.Build.0 = Debug|iPhone
		{1F37917E-BD6A-430C-A9CC-9F49CC0F581A}.Release|Any CPU.ActiveCfg = Release|iPhone
		{1F37917E-BD6A-430C-A9CC-9F49CC0F581A}.Release|iPhone.ActiveCfg = Release|iPhone
		{1F37917E-BD6A-430C-A9CC-9F49CC0F581A}.Release|iPhone.Build.0 = Release|iPhone
		{1F37917E-BD6A-430C-A9CC-9F49CC0F581A}.Release|iPhoneSimulator.ActiveCfg = Release|iPhoneSimulator
		{1F37917E-BD6A-430C-A9CC-9F49CC0F581A}.Release|iPhoneSimulator.Build.0 = Release|iPhoneSimulator
		{1F37917E-BD6A-430C-A9CC-9F49CC0F581A}.Release|Mixed Platforms.ActiveCfg = Release|iPhone
		{1F37917E-BD6A-430C-A9CC-9F49CC0F581A}.Release|Mixed Platforms.Build.0 = Release|iPhone
		{2F246FE3-E3F0-4977-9431-A2250E9F227E}.Ad-Hoc|Any CPU.ActiveCfg = Release|Any CPU
		{2F246FE3-E3F0-4977-9431-A2250E9F227E}.Ad-Hoc|Any CPU.Build.0 = Release|Any CPU
		{2F246FE3-E3F0-4977-9431-A2250E9F227E}.Ad-Hoc|iPhone.ActiveCfg = Release|Any CPU
		{2F246FE3-E3F0-4977-9431-A2250E9F227E}.Ad-Hoc|iPhoneSimulator.ActiveCfg = Release|Any CPU
		{2F246FE3-E3F0-4977-9431-A2250E9F227E}.Ad-Hoc|Mixed Platforms.ActiveCfg = Release|Any CPU
		{2F246FE3-E3F0-4977-9431-A2250E9F227E}.Ad-Hoc|Mixed Platforms.Build.0 = Release|Any CPU
		{2F246FE3-E3F0-4977-9431-A2250E9F227E}.AppStore|Any CPU.ActiveCfg = Release|Any CPU
		{2F246FE3-E3F0-4977-9431-A2250E9F227E}.AppStore|Any CPU.Build.0 = Release|Any CPU
		{2F246FE3-E3F0-4977-9431-A2250E9F227E}.AppStore|iPhone.ActiveCfg = Release|Any CPU
		{2F246FE3-E3F0-4977-9431-A2250E9F227E}.AppStore|iPhoneSimulator.ActiveCfg = Release|Any CPU
		{2F246FE3-E3F0-4977-9431-A2250E9F227E}.AppStore|Mixed Platforms.ActiveCfg = Release|Any CPU
		{2F246FE3-E3F0-4977-9431-A2250E9F227E}.AppStore|Mixed Platforms.Build.0 = Release|Any CPU
		{2F246FE3-E3F0-4977-9431-A2250E9F227E}.Debug|Any CPU.ActiveCfg = Debug|Any CPU
		{2F246FE3-E3F0-4977-9431-A2250E9F227E}.Debug|Any CPU.Build.0 = Debug|Any CPU
		{2F246FE3-E3F0-4977-9431-A2250E9F227E}.Debug|iPhone.ActiveCfg = Debug|Any CPU
		{2F246FE3-E3F0-4977-9431-A2250E9F227E}.Debug|iPhoneSimulator.ActiveCfg = Debug|Any CPU
		{2F246FE3-E3F0-4977-9431-A2250E9F227E}.Debug|Mixed Platforms.ActiveCfg = Debug|Any CPU
		{2F246FE3-E3F0-4977-9431-A2250E9F227E}.Debug|Mixed Platforms.Build.0 = Debug|Any CPU
		{2F246FE3-E3F0-4977-9431-A2250E9F227E}.Release|Any CPU.ActiveCfg = Release|Any CPU
		{2F246FE3-E3F0-4977-9431-A2250E9F227E}.Release|Any CPU.Build.0 = Release|Any CPU
		{2F246FE3-E3F0-4977-9431-A2250E9F227E}.Release|iPhone.ActiveCfg = Release|Any CPU
		{2F246FE3-E3F0-4977-9431-A2250E9F227E}.Release|iPhoneSimulator.ActiveCfg = Release|Any CPU
		{2F246FE3-E3F0-4977-9431-A2250E9F227E}.Release|Mixed Platforms.ActiveCfg = Release|Any CPU
		{2F246FE3-E3F0-4977-9431-A2250E9F227E}.Release|Mixed Platforms.Build.0 = Release|Any CPU
		{DB323046-1910-4800-877C-2992BDFCF8E8}.Ad-Hoc|Any CPU.ActiveCfg = Release|Any CPU
		{DB323046-1910-4800-877C-2992BDFCF8E8}.Ad-Hoc|Any CPU.Build.0 = Release|Any CPU
		{DB323046-1910-4800-877C-2992BDFCF8E8}.Ad-Hoc|iPhone.ActiveCfg = Release|Any CPU
		{DB323046-1910-4800-877C-2992BDFCF8E8}.Ad-Hoc|iPhoneSimulator.ActiveCfg = Release|Any CPU
		{DB323046-1910-4800-877C-2992BDFCF8E8}.Ad-Hoc|Mixed Platforms.ActiveCfg = Release|Any CPU
		{DB323046-1910-4800-877C-2992BDFCF8E8}.Ad-Hoc|Mixed Platforms.Build.0 = Release|Any CPU
		{DB323046-1910-4800-877C-2992BDFCF8E8}.AppStore|Any CPU.ActiveCfg = Release|Any CPU
		{DB323046-1910-4800-877C-2992BDFCF8E8}.AppStore|Any CPU.Build.0 = Release|Any CPU
		{DB323046-1910-4800-877C-2992BDFCF8E8}.AppStore|iPhone.ActiveCfg = Release|Any CPU
		{DB323046-1910-4800-877C-2992BDFCF8E8}.AppStore|iPhoneSimulator.ActiveCfg = Release|Any CPU
		{DB323046-1910-4800-877C-2992BDFCF8E8}.AppStore|Mixed Platforms.ActiveCfg = Release|Any CPU
		{DB323046-1910-4800-877C-2992BDFCF8E8}.AppStore|Mixed Platforms.Build.0 = Release|Any CPU
		{DB323046-1910-4800-877C-2992BDFCF8E8}.Debug|Any CPU.ActiveCfg = Debug|Any CPU
		{DB323046-1910-4800-877C-2992BDFCF8E8}.Debug|Any CPU.Build.0 = Debug|Any CPU
		{DB323046-1910-4800-877C-2992BDFCF8E8}.Debug|iPhone.ActiveCfg = Debug|Any CPU
		{DB323046-1910-4800-877C-2992BDFCF8E8}.Debug|iPhoneSimulator.ActiveCfg = Debug|Any CPU
		{DB323046-1910-4800-877C-2992BDFCF8E8}.Debug|Mixed Platforms.ActiveCfg = Debug|Any CPU
		{DB323046-1910-4800-877C-2992BDFCF8E8}.Debug|Mixed Platforms.Build.0 = Debug|Any CPU
		{DB323046-1910-4800-877C-2992BDFCF8E8}.Release|Any CPU.ActiveCfg = Release|Any CPU
		{DB323046-1910-4800-877C-2992BDFCF8E8}.Release|Any CPU.Build.0 = Release|Any CPU
		{DB323046-1910-4800-877C-2992BDFCF8E8}.Release|iPhone.ActiveCfg = Release|Any CPU
		{DB323046-1910-4800-877C-2992BDFCF8E8}.Release|iPhoneSimulator.ActiveCfg = Release|Any CPU
		{DB323046-1910-4800-877C-2992BDFCF8E8}.Release|Mixed Platforms.ActiveCfg = Release|Any CPU
		{DB323046-1910-4800-877C-2992BDFCF8E8}.Release|Mixed Platforms.Build.0 = Release|Any CPU
	EndGlobalSection
	GlobalSection(SolutionProperties) = preSolution
		HideSolutionNode = FALSE
	EndGlobalSection
EndGlobal
